{
  "name": "workos-otp-test",
  "lockfileVersion": 3,
  "requires": true,
  "packages": {
    "": {
      "name": "workos-otp-test",
      "dependencies": {
        "@workos-inc/node": "^8.0.0"
      }
    },
    "node_modules/@workos-inc/node": {
      "version": "8.3.1",
      "resolved": "https://registry.npmjs.org/@workos-inc/node/-/node-8.3.1.tgz",
      "integrity": "sha512-bBBh4p9nrWXaDnvwgNXO33C80b5TwkksJHvnvRx5RqJeO+4/xlhm36cbsLmXfLozQp4ysh9ts5YOJkzXm4EWbA==",
      "license": "MIT",
      "dependencies": {
        "iron-webcrypto": "^2.0.0",
        "jose": "~6.1.0"
      },
      "engines": {
        "node": ">=20.15.0"
      }
    },
    "node_modules/iron-webcrypto": {
      "version": "2.0.0",
      "resolved": "https://registry.npmjs.org/iron-webcrypto/-/iron-webcrypto-2.0.0.tgz",
      "integrity": "sha512-rtffZKDUHciZElM8mjFCufBC7nVhCxHYyWHESqs89OioEDz4parOofd8/uhrejh/INhQFfYQfByS22LlezR9sQ==",
      "license": "MIT",
      "dependencies": {
        "uint8array-extras": "^1.5.0"
      },
      "funding": {
        "url": "https://github.com/sponsors/brc-dd"
      }
    },
    "node_modules/jose": {
      "version": "6.1.3",
      "resolved": "https://registry.npmjs.org/jose/-/jose-6.1.3.tgz",
      "integrity": "sha512-0TpaTfihd4QMNwrz/ob2Bp7X04yuxJkjRGi4aKmOqwhov54i6u79oCv7T+C7lo70MKH6BesI3vscD1yb/yzKXQ==",
      "license": "MIT",
      "funding": {
        "url": "https://github.com/sponsors/panva"
      }
    },
    "node_modules/uint8array-extras": {
      "version": "1.5.0",
      "resolved": "https://registry.npmjs.org/uint8array-extras/-/uint8array-extras-1.5.0.tgz",
      "integrity": "sha512-rvKSBiC5zqCCiDZ9kAOszZcDvdAHwwIKJG33Ykj43OKcWsnmcBRL09YTU4nOeHZ8Y2a7l1MgTd08SBe9A8Qj6A==",
      "license": "MIT",
      "engines": {
        "node": ">=18"
      },
      "funding": {
        "url": "https://github.com/sponsors/sindresorhus"
      }
    }
  }
}
